{
  "pid": 1681239,
  "startedAt": "2026-07-27T18:05:45.261Z",
  "argv": [
    "--premise-file",
    "/home/dumingxuan/storyos-v3/runs-var/lbw079-b/premise.txt",
    "--target",
    "2500",
    "--out",
    "/home/dumingxuan/storyos-v3/runs-var/lbw079-b/run",
    "--profile",
    "generous",
    "--sandbox",
    "docker"
  ]
}
