{
  "pid": 1695598,
  "startedAt": "2026-07-27T18:14:01.069Z",
  "argv": [
    "--premise-file",
    "/home/dumingxuan/storyos-v3/runs-60k/lnb60k-fantasy-the-book-witch/premise.txt",
    "--target",
    "60000",
    "--out",
    "/home/dumingxuan/storyos-v3/runs-60k/lnb60k-fantasy-the-book-witch/run",
    "--profile",
    "generous",
    "--sandbox",
    "docker"
  ]
}
