{
  "pid": 1332221,
  "startedAt": "2026-07-27T15:03:42.022Z",
  "argv": [
    "--premise-file",
    "/home/dumingxuan/storyos-v3/runs-075/lbw103/premise.txt",
    "--target",
    "5000",
    "--out",
    "/home/dumingxuan/storyos-v3/runs-075/lbw103/run",
    "--profile",
    "generous",
    "--sandbox",
    "docker"
  ]
}
