pairId: char-thomas-reed--obj-longcase-clock
participants:
  - char-thomas-reed
  - obj-longcase-clock
phases:
  - index: 1
    relation: servicer
    fromScene: s-003
    toScene: null
    transition: Thomas Reed admitted he serviced and wound the clock three days
      earlier and stripped the weight-gear to clean the pivots; he also stated
      he had left the shop just before eleven, establishing recent access and
      opportunity. (manuscript s-003, L15-L16)
    source:
      scene: s-003
      span: L15-L16
openQuestions: []
