id: obj-longcase-clock
sketch: An ornate longcase (grandfather) clock, a prized item in Lucius's
  collection. It has visible hands, a striking mechanism, and an access panel in
  its case.
notes:
  - .writer/drafts/s-001.md L20-L40
  - "Observed in s-002: hands frozen at eleven seventeen; pendulum motionless;
    rear access panel a hair ajar with latch crooked. Provenance:
    .writer/drafts/s-002.md L5-L8"
first_seen: s-001
