{
  "pid": 1566433,
  "startedAt": "2026-07-27T16:57:04.812Z",
  "argv": [
    "--premise-file",
    "/home/dumingxuan/storyos-v3/runs-r1/lbw081/premise.txt",
    "--target",
    "2800",
    "--out",
    "/home/dumingxuan/storyos-v3/runs-r1/lbw081/run",
    "--profile",
    "generous",
    "--sandbox",
    "docker"
  ]
}
