{
  "pid": 1331476,
  "startedAt": "2026-07-27T15:03:22.614Z",
  "argv": [
    "--premise-file",
    "/home/dumingxuan/storyos-v3/runs-075/lbw079/premise.txt",
    "--target",
    "2500",
    "--out",
    "/home/dumingxuan/storyos-v3/runs-075/lbw079/run",
    "--profile",
    "generous",
    "--sandbox",
    "docker"
  ]
}
