{
  "pid": 1565567,
  "startedAt": "2026-07-27T16:56:44.811Z",
  "argv": [
    "--premise-file",
    "/home/dumingxuan/storyos-v3/runs-r1/lnb40k-historical-elizabeth-and-marilyn/premise.txt",
    "--target",
    "40000",
    "--out",
    "/home/dumingxuan/storyos-v3/runs-r1/lnb40k-historical-elizabeth-and-marilyn/run",
    "--profile",
    "generous",
    "--sandbox",
    "docker"
  ]
}
