id: obj-broken-clock
sketch: An old mantel clock in the hallway that stopped at a particular time and
  whose inner works bear a dent and a hairline scratch on the rim.
notes:
  - Reported stopped time quoted in scene.
  - Photographed at 11:18 a.m.; diary context links the clock to Oct 12.
first_seen: s-001
