{
  "pid": 1478889,
  "startedAt": "2026-07-27T16:10:08.808Z",
  "argv": [
    "--premise-file",
    "/home/dumingxuan/storyos-v3/runs-r1/lnb40k-fantasy-the-tapestry-of-fate/premise.txt",
    "--target",
    "40000",
    "--out",
    "/home/dumingxuan/storyos-v3/runs-r1/lnb40k-fantasy-the-tapestry-of-fate/run",
    "--profile",
    "generous",
    "--sandbox",
    "docker"
  ]
}
