{
  "pid": 1127778,
  "startedAt": "2026-07-27T13:33:08.577Z",
  "argv": [
    "--premise-file",
    "/home/dumingxuan/storyos-v3/runs-070/lnb20k-fantasy-the-girl-with-a-thousand-faces/premise.txt",
    "--target",
    "20000",
    "--out",
    "/home/dumingxuan/storyos-v3/runs-070/lnb20k-fantasy-the-girl-with-a-thousand-faces/run",
    "--profile",
    "generous",
    "--sandbox",
    "docker"
  ]
}
