{
  "pid": 1237510,
  "startedAt": "2026-07-27T14:20:57.533Z",
  "argv": [
    "--premise-file",
    "/home/dumingxuan/storyos-v3/runs-073/lbw081/premise.txt",
    "--target",
    "2800",
    "--out",
    "/home/dumingxuan/storyos-v3/runs-073/lbw081/run",
    "--profile",
    "generous",
    "--sandbox",
    "docker"
  ]
}
